github.com/BurntSushi/toml v0.0.0-20170626110600-a368813c5e64 h1:BuYewlQyh/jroxY8qx41SrzD8Go17GkyCyAeVmprvQI=
github.com/BurntSushi/toml v0.0.0-20170626110600-a368813c5e64/go.mod h1:xHWCNGjB5oqiDr8zfno3MHue2Ht5sIBksp03qcyfWMU=
github.com/GeertJohan/go.rice v0.0.0-20170420135705-c02ca9a983da h1:UVU3a9pRUyLdnBtn60WjRl0s4SEyJc2ChCY56OAR6wI=
github.com/GeertJohan/go.rice v0.0.0-20170420135705-c02ca9a983da/go.mod h1:DgrzXonpdQbfN3uYaGz1EG4Sbhyum/MMIn6Cphlh2bw=
github.com/bluele/gcache v0.0.0-20171010155617-472614239ac7 h1:NpQ+gkFOH27AyDypSCJ/LdsIi/b4rdnEb1N5+IpFfYs=
github.com/bluele/gcache v0.0.0-20171010155617-472614239ac7/go.mod h1:8c4/i2VlovMO2gBnHGQPN5EJw+H0lx1u/5p+cgsXtCk=
github.com/daaku/go.zipexe v0.0.0-20150329023125-a5fe2436ffcb h1:tUf55Po0vzOendQ7NWytcdK0VuzQmfAgvGBUOQvN0WA=
github.com/daaku/go.zipexe v0.0.0-20150329023125-a5fe2436ffcb/go.mod h1:U0vRfAucUOohvdCxt5MWLF+TePIL0xbCkbKIiV8TQCE=
github.com/flosch/pongo2 v0.0.0-20170906222041-1f4be1efe3b3 h1:fecEBrUZ0Ty8lAcsmAE11lmpEOwoAydiTHrGKI+5FU8=
github.com/flosch/pongo2 v0.0.0-20170906222041-1f4be1efe3b3/go.mod h1:rE0ErqqBaMcp9pzj8JxV1GcfDBpuypXYxlR1c37AUwg=
github.com/go-chi/chi v3.3.2+incompatible h1:uQNcQN3NsV1j4ANsPh42P4ew4t6rnRbJb8frvpp31qQ=
github.com/go-chi/chi v3.3.2+incompatible/go.mod h1:eB3wogJHnLi3x/kFX2A+IbTBlXxmMeXJVKy9tTv1XzQ=
github.com/jessevdk/go-flags v0.0.0-20170926144705-f88afde2fa19 h1:k9/LaykApavRKKlaWkunBd48Um+vMxnUNNsIjS7OJn8=
github.com/jessevdk/go-flags v0.0.0-20170926144705-f88afde2fa19/go.mod h1:4FA24M0QyGHXBuZZK/XkWh8h0e1EYbRYJSGM75WSRxI=
github.com/juju/errors v0.0.0-20170703010042-c7d06af17c68 h1:d2hBkTvi7B89+OXY8+bBBshPlc+7JYacGrG/dFak8SQ=
github.com/juju/errors v0.0.0-20170703010042-c7d06af17c68/go.mod h1:W54LbzXuIE0boCoNJfwqpmkKJ1O4TCTZMetAt6jGk7Q=
github.com/juju/loggo v0.0.0-20190212223446-d976af380377 h1:n6QjW3g5JNY3xPmIjFt6z1H6tFQA6BhwOC2bvTAm1YU=
github.com/juju/loggo v0.0.0-20190212223446-d976af380377/go.mod h1:vgyd7OREkbtVEN/8IXZe5Ooef3LQePvuBm9UWj6ZL8U=
github.com/juju/testing v0.0.0-20180920084828-472a3e8b2073 h1:WQM1NildKThwdP7qWrNAFGzp4ijNLw8RlgENkaI4MJs=
github.com/juju/testing v0.0.0-20180920084828-472a3e8b2073/go.mod h1:63prj8cnj0tU0S9OHjGJn+b1h0ZghCndfnbQolrYTwA=
github.com/kardianos/osext v0.0.0-20170510131534-ae77be60afb1 h1:PJPDf8OUfOK1bb/NeTKd4f1QXZItOX389VN3B6qC8ro=
github.com/kardianos/osext v0.0.0-20170510131534-ae77be60afb1/go.mod h1:1NbS8ALrpOvjt0rHPNLyCIeMtbizbir8U//inJ+zuB8=
github.com/kr/pretty v0.1.0 h1:L/CwN0zerZDmRFUapSPitk6f+Q3+0za1rQkzVuMiMFI=
github.com/kr/pretty v0.1.0/go.mod h1:dAy3ld7l9f0ibDNOQOHHMYYIIbhfbHSm3C4ZsoJORNo=
github.com/kr/pty v1.1.1/go.mod h1:pFQYn66WHrOpPYNljwOMqo10TkYh1fy3cYio2l3bCsQ=
github.com/kr/text v0.1.0 h1:45sCR5RtlFHMR4UwH9sdQ5TC8v0qDQCHnXt+kaKSTVE=
github.com/kr/text v0.1.0/go.mod h1:4Jbv+DJW3UT/LiOwJeYQe1efqtUx/iVham/4vfdArNI=
github.com/lrstanley/pt v0.0.0-20171216045526-13943cfd45a9 h1:sfJbn+sazuMHHRctwnOwiV01m0gkuxQLDoSc6NGOLp0=
github.com/lrstanley/pt v0.0.0-20171216045526-13943cfd45a9/go.mod h1:WMa0QbIny3KhJ6Zme5wG8ru+YovPpj5muQrVtU99bow=
github.com/mattn/go-xmlrpc v0.0.0-20171206113639-3f86e9b4ab37 h1:RaB3r6wNe4RzXpHq0QRtOPuYjK8zu/pCFneBFO5XmuY=
github.com/mattn/go-xmlrpc v0.0.0-20171206113639-3f86e9b4ab37/go.mod h1:jPxKbOGukjFCw9jFB7RRh3ZRQUehV22ryHP8IpREEx4=
golang.org/x/crypto v0.0.0-20190308221718-c2843e01d9a2/go.mod h1:djNgcEr1/C05ACkg1iLfiJU5Ep61QUkGW8qpdssI0+w=
golang.org/x/net v0.0.0-20190324223953-e3b2ff56ed87 h1:yh5/K199RObPR6zqVBYf+AyJuweAqx+fOe9s3cekn1Y=
golang.org/x/net v0.0.0-20190324223953-e3b2ff56ed87/go.mod h1:t9HGtf8HONx5eT2rtn7q6eTqICYqUVnKs3thJo3Qplg=
golang.org/x/sys v0.0.0-20190215142949-d0b11bdaac8a/go.mod h1:STP8DvDyc/dI5b8T5hshtkjS+E42TnysNCUPdjciGhY=
golang.org/x/text v0.3.0 h1:g61tztE5qeGQ89tm6NTjjM9VPIm088od1l6aSorWRWg=
golang.org/x/text v0.3.0/go.mod h1:NqM8EUOU14njkJ3fqMW+pc6Ldnwhi/IjpwHt7yyuwOQ=
gopkg.in/check.v1 v0.0.0-20161208181325-20d25e280405/go.mod h1:Co6ibVJAznAaIkqp8huTwlJQCZ016jof/cbN4VW5Yz0=
gopkg.in/check.v1 v1.0.0-20180628173108-788fd7840127 h1:qIbj1fsPNlZgppZ+VLlY7N33q108Sa+fhmuc+sWQYwY=
gopkg.in/check.v1 v1.0.0-20180628173108-788fd7840127/go.mod h1:Co6ibVJAznAaIkqp8huTwlJQCZ016jof/cbN4VW5Yz0=
gopkg.in/mgo.v2 v2.0.0-20180705113604-9856a29383ce h1:xcEWjVhvbDy+nHP67nPDDpbYrY+ILlfndk4bRioVHaU=
gopkg.in/mgo.v2 v2.0.0-20180705113604-9856a29383ce/go.mod h1:yeKp02qBN3iKW1OzL3MGk2IdtZzaj7SFntXj72NppTA=
gopkg.in/yaml.v2 v2.2.2 h1:ZCJp+EgiOT7lHqUV2J862kp8Qj64Jo6az82+3Td9dZw=
gopkg.in/yaml.v2 v2.2.2/go.mod h1:hI93XBmqTisBFMUTm0b8Fm+jr3Dg1NNxqwp+5A1VGuI=
